
Microsoft Visual Studio Solution File, Format Version 12.00
# Visual Studio Version 17
VisualStudioVersion = 17.6.33829.357
MinimumVisualStudioVersion = 10.0.40219.1
Project("{2150E333-8FDC-42A3-9474-1A3956D46DE8}") = "Profiler", "Profiler", "{2DA49378-22DB-4B89-8BD0-B978839DA248}"
EndProject
Project("{8BC9CEB8-8B4A-11D0-8D11-00A0C91BC942}") = "DotNext.Profiler.Shared", "DotNext.Profiler.Shared\DotNext.Profiler.Shared.vcxitems", "{40514DD4-9712-449F-8571-EC4E6FD2EB31}"
EndProject
Project("{8BC9CEB8-8B4A-11D0-8D11-00A0C91BC942}") = "DotNext.Profiler.Windows", "DotNext.Profiler.Windows\DotNext.Profiler.Windows.vcxproj", "{5FF8787B-1E42-4F50-967C-4A7506577009}"
EndProject
Global
	GlobalSection(SolutionConfigurationPlatforms) = preSolution
		Debug|Any CPU = Debug|Any CPU
		Debug|x64 = Debug|x64
		Debug|x86 = Debug|x86
		Release|Any CPU = Release|Any CPU
		Release|x64 = Release|x64
		Release|x86 = Release|x86
	EndGlobalSection
	GlobalSection(ProjectConfigurationPlatforms) = postSolution
		{5FF8787B-1E42-4F50-967C-4A7506577009}.Debug|Any CPU.ActiveCfg = Debug|Win32
		{5FF8787B-1E42-4F50-967C-4A7506577009}.Debug|x64.ActiveCfg = Debug|x64
		{5FF8787B-1E42-4F50-967C-4A7506577009}.Debug|x64.Build.0 = Debug|x64
		{5FF8787B-1E42-4F50-967C-4A7506577009}.Debug|x86.ActiveCfg = Debug|Win32
		{5FF8787B-1E42-4F50-967C-4A7506577009}.Debug|x86.Build.0 = Debug|Win32
		{5FF8787B-1E42-4F50-967C-4A7506577009}.Release|Any CPU.ActiveCfg = Release|Win32
		{5FF8787B-1E42-4F50-967C-4A7506577009}.Release|x64.ActiveCfg = Release|x64
		{5FF8787B-1E42-4F50-967C-4A7506577009}.Release|x64.Build.0 = Release|x64
		{5FF8787B-1E42-4F50-967C-4A7506577009}.Release|x86.ActiveCfg = Release|Win32
		{5FF8787B-1E42-4F50-967C-4A7506577009}.Release|x86.Build.0 = Release|Win32
	EndGlobalSection
	GlobalSection(SolutionProperties) = preSolution
		HideSolutionNode = FALSE
	EndGlobalSection
	GlobalSection(NestedProjects) = preSolution
		{40514DD4-9712-449F-8571-EC4E6FD2EB31} = {2DA49378-22DB-4B89-8BD0-B978839DA248}
		{5FF8787B-1E42-4F50-967C-4A7506577009} = {2DA49378-22DB-4B89-8BD0-B978839DA248}
	EndGlobalSection
	GlobalSection(ExtensibilityGlobals) = postSolution
		SolutionGuid = {A87AC77F-7D77-46A7-B184-D2B15919F131}
	EndGlobalSection
	GlobalSection(SharedMSBuildProjectFiles) = preSolution
		DotNext.Profiler.Shared\DotNext.Profiler.Shared.vcxitems*{40514dd4-9712-449f-8571-ec4e6fd2eb31}*SharedItemsImports = 9
		DotNext.Profiler.Shared\DotNext.Profiler.Shared.vcxitems*{5ff8787b-1e42-4f50-967c-4a7506577009}*SharedItemsImports = 4
	EndGlobalSection
EndGlobal
